PODS:
  - MapGL (0.1.9)
  - MapGL/Tests (0.1.9)
  - SwiftLint (0.39.2)

DEPENDENCIES:
  - MapGL (from `./`)
  - MapGL/Tests (from `./`)
  - SwiftLint (~> 0.39.2)

SPEC REPOS:
  trunk:
    - SwiftLint

EXTERNAL SOURCES:
  MapGL:
    :path: "./"

SPEC CHECKSUMS:
  MapGL: 8cf1fdcaa3786d7d557a75e1ca1b0446536f4997
  SwiftLint: 22ccbbe3b8008684be5955693bab135e0ed6a447

PODFILE CHECKSUM: 8a4b032b3db50fef2324fc6fb4a90aa74370a311

COCOAPODS: 1.10.0
