PODS:
  - MapGL (0.1.13)
  - MapGL/Tests (0.1.13)
  - SwiftLint (0.39.2)

DEPENDENCIES:
  - MapGL (from `./`)
  - MapGL/Tests (from `./`)
  - SwiftLint (~> 0.39.2)

SPEC REPOS:
  trunk:
    - SwiftLint

EXTERNAL SOURCES:
  MapGL:
    :path: "./"

SPEC CHECKSUMS:
  MapGL: 998c7eba3a1035b5769933e367022716d635c030
  SwiftLint: 22ccbbe3b8008684be5955693bab135e0ed6a447

PODFILE CHECKSUM: 7b946f44dd13e821cd9ed9149fc86495c845c749

COCOAPODS: 1.10.0
