// !$*UTF8*$!
{
	archiveVersion = 1;
	classes = {
	};
	objectVersion = 50;
	objects = {

/* Begin PBXBuildFile section */
		0F0CEC712305437A0084161C /* AppDelegate.swift in Sources */ = {isa = PBXBuildFile; fileRef = 0F0CEC702305437A0084161C /* AppDelegate.swift */; };
		0F0CEC732305437A0084161C /* HelloVC.swift in Sources */ = {isa = PBXBuildFile; fileRef = 0F0CEC722305437A0084161C /* HelloVC.swift */; };
		0F0CEC782305437C0084161C /* Assets.xcassets in Resources */ = {isa = PBXBuildFile; fileRef = 0F0CEC772305437C0084161C /* Assets.xcassets */; };
		0F0CEC7B2305437C0084161C /* LaunchScreen.storyboard in Resources */ = {isa = PBXBuildFile; fileRef = 0F0CEC792305437C0084161C /* LaunchScreen.storyboard */; };
		0FDE18DA232679EB00ADD5AF /* Extensions.swift in Sources */ = {isa = PBXBuildFile; fileRef = 0FDE18D9232679EB00ADD5AF /* Extensions.swift */; };
		0FE65D50230D958C007E3585 /* CardView.swift in Sources */ = {isa = PBXBuildFile; fileRef = 0FE65D4F230D958C007E3585 /* CardView.swift */; };
		6D8B35C9222890F2866F574D /* libPods-HelloSDK.a in Frameworks */ = {isa = PBXBuildFile; fileRef = 369C2DE07B8A0A54FC39382F /* libPods-HelloSDK.a */; };
		714FB5319642F37EB73310FB /* libPods-HelloSDK-HelloSDKTests.a in Frameworks */ = {isa = PBXBuildFile; fileRef = 0BFC5BC2536FE0441FD2AA5E /* libPods-HelloSDK-HelloSDKTests.a */; };
/* End PBXBuildFile section */

/* Begin PBXFileReference section */
		0BFC5BC2536FE0441FD2AA5E /* libPods-HelloSDK-HelloSDKTests.a */ = {isa = PBXFileReference; explicitFileType = archive.ar; includeInIndex = 0; path = "libPods-HelloSDK-HelloSDKTests.a"; sourceTree = BUILT_PRODUCTS_DIR; };
		0F0CEC6D2305437A0084161C /* HelloSDK.app */ = {isa = PBXFileReference; explicitFileType = wrapper.application; includeInIndex = 0; path = HelloSDK.app; sourceTree = BUILT_PRODUCTS_DIR; };
		0F0CEC702305437A0084161C /* AppDelegate.swift */ = {isa = PBXFileReference; lastKnownFileType = sourcecode.swift; path = AppDelegate.swift; sourceTree = "<group>"; };
		0F0CEC722305437A0084161C /* HelloVC.swift */ = {isa = PBXFileReference; lastKnownFileType = sourcecode.swift; path = HelloVC.swift; sourceTree = "<group>"; };
		0F0CEC772305437C0084161C /* Assets.xcassets */ = {isa = PBXFileReference; lastKnownFileType = folder.assetcatalog; path = Assets.xcassets; sourceTree = "<group>"; };
		0F0CEC7A2305437C0084161C /* Base */ = {isa = PBXFileReference; lastKnownFileType = file.storyboard; name = Base; path = Base.lproj/LaunchScreen.storyboard; sourceTree = "<group>"; };
		0F0CEC7C2305437C0084161C /* Info.plist */ = {isa = PBXFileReference; lastKnownFileType = text.plist.xml; path = Info.plist; sourceTree = "<group>"; };
		0FDE18D9232679EB00ADD5AF /* Extensions.swift */ = {isa = PBXFileReference; lastKnownFileType = sourcecode.swift; path = Extensions.swift; sourceTree = "<group>"; };
		0FE65D4F230D958C007E3585 /* CardView.swift */ = {isa = PBXFileReference; lastKnownFileType = sourcecode.swift; path = CardView.swift; sourceTree = "<group>"; };
		276AEDAF5EC433ED25BC7895 /* Pods-HelloSDK-HelloSDKTests.debug.xcconfig */ = {isa = PBXFileReference; includeInIndex = 1; lastKnownFileType = text.xcconfig; name = "Pods-HelloSDK-HelloSDKTests.debug.xcconfig"; path = "Target Support Files/Pods-HelloSDK-HelloSDKTests/Pods-HelloSDK-HelloSDKTests.debug.xcconfig"; sourceTree = "<group>"; };
		369C2DE07B8A0A54FC39382F /* libPods-HelloSDK.a */ = {isa = PBXFileReference; explicitFileType = archive.ar; includeInIndex = 0; path = "libPods-HelloSDK.a"; sourceTree = BUILT_PRODUCTS_DIR; };
		437C9F6E2BA611CA80277878 /* Pods-HelloSDK.debug.xcconfig */ = {isa = PBXFileReference; includeInIndex = 1; lastKnownFileType = text.xcconfig; name = "Pods-HelloSDK.debug.xcconfig"; path = "Target Support Files/Pods-HelloSDK/Pods-HelloSDK.debug.xcconfig"; sourceTree = "<group>"; };
		737E1A542457BF89006D5087 /* HelloSDKTests.xctest */ = {isa = PBXFileReference; explicitFileType = wrapper.cfbundle; includeInIndex = 0; path = HelloSDKTests.xctest; sourceTree = BUILT_PRODUCTS_DIR; };
		737E1A582457BF89006D5087 /* Info.plist */ = {isa = PBXFileReference; lastKnownFileType = text.plist.xml; path = Info.plist; sourceTree = "<group>"; };
		739E320B2473EB9F00820C75 /* CHANGELOG.md */ = {isa = PBXFileReference; fileEncoding = 4; lastKnownFileType = net.daringfireball.markdown; name = CHANGELOG.md; path = ../../CHANGELOG.md; sourceTree = "<group>"; };
		739E320D2473EBAF00820C75 /* README.md */ = {isa = PBXFileReference; lastKnownFileType = net.daringfireball.markdown; name = README.md; path = ../../README.md; sourceTree = "<group>"; };
		7813E63B01671344A2702392 /* Pods-HelloSDK-HelloSDKTests.release.xcconfig */ = {isa = PBXFileReference; includeInIndex = 1; lastKnownFileType = text.xcconfig; name = "Pods-HelloSDK-HelloSDKTests.release.xcconfig"; path = "Target Support Files/Pods-HelloSDK-HelloSDKTests/Pods-HelloSDK-HelloSDKTests.release.xcconfig"; sourceTree = "<group>"; };
		B43DFA8977133CDF104A001B /* Pods-HelloSDK.release.xcconfig */ = {isa = PBXFileReference; includeInIndex = 1; lastKnownFileType = text.xcconfig; name = "Pods-HelloSDK.release.xcconfig"; path = "Target Support Files/Pods-HelloSDK/Pods-HelloSDK.release.xcconfig"; sourceTree = "<group>"; };
		DB889E7B734F557C6E9F7819 /* Pods-HelloSDKTests.release.xcconfig */ = {isa = PBXFileReference; includeInIndex = 1; lastKnownFileType = text.xcconfig; name = "Pods-HelloSDKTests.release.xcconfig"; path = "Target Support Files/Pods-HelloSDKTests/Pods-HelloSDKTests.release.xcconfig"; sourceTree = "<group>"; };
		E26AF74FD0AAD4E3A3CE9D6C /* Pods-HelloSDKTests.debug.xcconfig */ = {isa = PBXFileReference; includeInIndex = 1; lastKnownFileType = text.xcconfig; name = "Pods-HelloSDKTests.debug.xcconfig"; path = "Target Support Files/Pods-HelloSDKTests/Pods-HelloSDKTests.debug.xcconfig"; sourceTree = "<group>"; };
/* End PBXFileReference section */

/* Begin PBXFrameworksBuildPhase section */
		0F0CEC6A2305437A0084161C /* Frameworks */ = {
			isa = PBXFrameworksBuildPhase;
			buildActionMask = 2147483647;
			files = (
				6D8B35C9222890F2866F574D /* libPods-HelloSDK.a in Frameworks */,
			);
			runOnlyForDeploymentPostprocessing = 0;
		};
		737E1A512457BF89006D5087 /* Frameworks */ = {
			isa = PBXFrameworksBuildPhase;
			buildActionMask = 2147483647;
			files = (
				714FB5319642F37EB73310FB /* libPods-HelloSDK-HelloSDKTests.a in Frameworks */,
			);
			runOnlyForDeploymentPostprocessing = 0;
		};
/* End PBXFrameworksBuildPhase section */

/* Begin PBXGroup section */
		0F0CEC642305437A0084161C = {
			isa = PBXGroup;
			children = (
				0F0CEC6F2305437A0084161C /* HelloSDK */,
				737E1A552457BF89006D5087 /* HelloSDKTests */,
				0F0CEC6E2305437A0084161C /* Products */,
				A479EAFAE28CA00EABD7991A /* Frameworks */,
				D700940ED0D36E0EFC180FC7 /* Pods */,
			);
			sourceTree = "<group>";
		};
		0F0CEC6E2305437A0084161C /* Products */ = {
			isa = PBXGroup;
			children = (
				0F0CEC6D2305437A0084161C /* HelloSDK.app */,
				737E1A542457BF89006D5087 /* HelloSDKTests.xctest */,
			);
			name = Products;
			sourceTree = "<group>";
		};
		0F0CEC6F2305437A0084161C /* HelloSDK */ = {
			isa = PBXGroup;
			children = (
				739E320B2473EB9F00820C75 /* CHANGELOG.md */,
				739E320D2473EBAF00820C75 /* README.md */,
				0F0CEC702305437A0084161C /* AppDelegate.swift */,
				0F0CEC722305437A0084161C /* HelloVC.swift */,
				0FE65D4F230D958C007E3585 /* CardView.swift */,
				0FDE18D9232679EB00ADD5AF /* Extensions.swift */,
				0F0CEC772305437C0084161C /* Assets.xcassets */,
				0F0CEC792305437C0084161C /* LaunchScreen.storyboard */,
				0F0CEC7C2305437C0084161C /* Info.plist */,
			);
			path = HelloSDK;
			sourceTree = "<group>";
		};
		737E1A552457BF89006D5087 /* HelloSDKTests */ = {
			isa = PBXGroup;
			children = (
				737E1A582457BF89006D5087 /* Info.plist */,
			);
			path = HelloSDKTests;
			sourceTree = "<group>";
		};
		A479EAFAE28CA00EABD7991A /* Frameworks */ = {
			isa = PBXGroup;
			children = (
				369C2DE07B8A0A54FC39382F /* libPods-HelloSDK.a */,
				0BFC5BC2536FE0441FD2AA5E /* libPods-HelloSDK-HelloSDKTests.a */,
			);
			name = Frameworks;
			sourceTree = "<group>";
		};
		D700940ED0D36E0EFC180FC7 /* Pods */ = {
			isa = PBXGroup;
			children = (
				437C9F6E2BA611CA80277878 /* Pods-HelloSDK.debug.xcconfig */,
				B43DFA8977133CDF104A001B /* Pods-HelloSDK.release.xcconfig */,
				E26AF74FD0AAD4E3A3CE9D6C /* Pods-HelloSDKTests.debug.xcconfig */,
				DB889E7B734F557C6E9F7819 /* Pods-HelloSDKTests.release.xcconfig */,
				276AEDAF5EC433ED25BC7895 /* Pods-HelloSDK-HelloSDKTests.debug.xcconfig */,
				7813E63B01671344A2702392 /* Pods-HelloSDK-HelloSDKTests.release.xcconfig */,
			);
			name = Pods;
			path = ../Pods;
			sourceTree = "<group>";
		};
/* End PBXGroup section */

/* Begin PBXNativeTarget section */
		0F0CEC6C2305437A0084161C /* HelloSDK */ = {
			isa = PBXNativeTarget;
			buildConfigurationList = 0F0CEC7F2305437C0084161C /* Build configuration list for PBXNativeTarget "HelloSDK" */;
			buildPhases = (
				675D0FE8394C5A2B1FD8251B /* [CP] Check Pods Manifest.lock */,
				0F0CEC692305437A0084161C /* Sources */,
				0F0CEC6A2305437A0084161C /* Frameworks */,
				0F0CEC6B2305437A0084161C /* Resources */,
				737E1A472457309F006D5087 /* Lint */,
			);
			buildRules = (
			);
			dependencies = (
			);
			name = HelloSDK;
			productName = HelloSDK;
			productReference = 0F0CEC6D2305437A0084161C /* HelloSDK.app */;
			productType = "com.apple.product-type.application";
		};
		737E1A532457BF89006D5087 /* HelloSDKTests */ = {
			isa = PBXNativeTarget;
			buildConfigurationList = 737E1A5D2457BF89006D5087 /* Build configuration list for PBXNativeTarget "HelloSDKTests" */;
			buildPhases = (
				80DBE19CE2A227AD0D365394 /* [CP] Check Pods Manifest.lock */,
				737E1A502457BF89006D5087 /* Sources */,
				737E1A512457BF89006D5087 /* Frameworks */,
				737E1A522457BF89006D5087 /* Resources */,
			);
			buildRules = (
			);
			dependencies = (
			);
			name = HelloSDKTests;
			productName = HelloSDKTests;
			productReference = 737E1A542457BF89006D5087 /* HelloSDKTests.xctest */;
			productType = "com.apple.product-type.bundle.unit-test";
		};
/* End PBXNativeTarget section */

/* Begin PBXProject section */
		0F0CEC652305437A0084161C /* Project object */ = {
			isa = PBXProject;
			attributes = {
				LastSwiftUpdateCheck = 1130;
				LastUpgradeCheck = 1030;
				ORGANIZATIONNAME = "Alexander Volokhin";
				TargetAttributes = {
					0F0CEC6C2305437A0084161C = {
						CreatedOnToolsVersion = 10.3;
					};
					737E1A532457BF89006D5087 = {
						CreatedOnToolsVersion = 11.3.1;
						TestTargetID = 0F0CEC6C2305437A0084161C;
					};
				};
			};
			buildConfigurationList = 0F0CEC682305437A0084161C /* Build configuration list for PBXProject "HelloSDK" */;
			compatibilityVersion = "Xcode 9.3";
			developmentRegion = en;
			hasScannedForEncodings = 0;
			knownRegions = (
				en,
				Base,
			);
			mainGroup = 0F0CEC642305437A0084161C;
			productRefGroup = 0F0CEC6E2305437A0084161C /* Products */;
			projectDirPath = "";
			projectRoot = "";
			targets = (
				0F0CEC6C2305437A0084161C /* HelloSDK */,
				737E1A532457BF89006D5087 /* HelloSDKTests */,
			);
		};
/* End PBXProject section */

/* Begin PBXResourcesBuildPhase section */
		0F0CEC6B2305437A0084161C /* Resources */ = {
			isa = PBXResourcesBuildPhase;
			buildActionMask = 2147483647;
			files = (
				0F0CEC7B2305437C0084161C /* LaunchScreen.storyboard in Resources */,
				0F0CEC782305437C0084161C /* Assets.xcassets in Resources */,
			);
			runOnlyForDeploymentPostprocessing = 0;
		};
		737E1A522457BF89006D5087 /* Resources */ = {
			isa = PBXResourcesBuildPhase;
			buildActionMask = 2147483647;
			files = (
			);
			runOnlyForDeploymentPostprocessing = 0;
		};
/* End PBXResourcesBuildPhase section */

/* Begin PBXShellScriptBuildPhase section */
		675D0FE8394C5A2B1FD8251B /* [CP] Check Pods Manifest.lock */ = {
			isa = PBXShellScriptBuildPhase;
			buildActionMask = 2147483647;
			files = (
			);
			inputFileListPaths = (
			);
			inputPaths = (
				"${PODS_PODFILE_DIR_PATH}/Podfile.lock",
				"${PODS_ROOT}/Manifest.lock",
			);
			name = "[CP] Check Pods Manifest.lock";
			outputFileListPaths = (
			);
			outputPaths = (
				"$(DERIVED_FILE_DIR)/Pods-HelloSDK-checkManifestLockResult.txt",
			);
			runOnlyForDeploymentPostprocessing = 0;
			shellPath = /bin/sh;
			shellScript = "diff \"${PODS_PODFILE_DIR_PATH}/Podfile.lock\" \"${PODS_ROOT}/Manifest.lock\" > /dev/null\nif [ $? != 0 ] ; then\n    # print error to STDERR\n    echo \"error: The sandbox is not in sync with the Podfile.lock. Run 'pod install' or update your CocoaPods installation.\" >&2\n    exit 1\nfi\n# This output is used by Xcode 'outputs' to avoid re-running this script phase.\necho \"SUCCESS\" > \"${SCRIPT_OUTPUT_FILE_0}\"\n";
			showEnvVarsInLog = 0;
		};
		737E1A472457309F006D5087 /* Lint */ = {
			isa = PBXShellScriptBuildPhase;
			buildActionMask = 2147483647;
			files = (
			);
			inputFileListPaths = (
			);
			inputPaths = (
			);
			name = Lint;
			outputFileListPaths = (
			);
			outputPaths = (
			);
			runOnlyForDeploymentPostprocessing = 0;
			shellPath = /bin/sh;
			shellScript = "cd \"../Sources\"\necho $PWD\n${PODS_ROOT}/SwiftLint/swiftlint lint\n\n";
		};
		80DBE19CE2A227AD0D365394 /* [CP] Check Pods Manifest.lock */ = {
			isa = PBXShellScriptBuildPhase;
			buildActionMask = 2147483647;
			files = (
			);
			inputFileListPaths = (
			);
			inputPaths = (
				"${PODS_PODFILE_DIR_PATH}/Podfile.lock",
				"${PODS_ROOT}/Manifest.lock",
			);
			name = "[CP] Check Pods Manifest.lock";
			outputFileListPaths = (
			);
			outputPaths = (
				"$(DERIVED_FILE_DIR)/Pods-HelloSDK-HelloSDKTests-checkManifestLockResult.txt",
			);
			runOnlyForDeploymentPostprocessing = 0;
			shellPath = /bin/sh;
			shellScript = "diff \"${PODS_PODFILE_DIR_PATH}/Podfile.lock\" \"${PODS_ROOT}/Manifest.lock\" > /dev/null\nif [ $? != 0 ] ; then\n    # print error to STDERR\n    echo \"error: The sandbox is not in sync with the Podfile.lock. Run 'pod install' or update your CocoaPods installation.\" >&2\n    exit 1\nfi\n# This output is used by Xcode 'outputs' to avoid re-running this script phase.\necho \"SUCCESS\" > \"${SCRIPT_OUTPUT_FILE_0}\"\n";
			showEnvVarsInLog = 0;
		};
/* End PBXShellScriptBuildPhase section */

/* Begin PBXSourcesBuildPhase section */
		0F0CEC692305437A0084161C /* Sources */ = {
			isa = PBXSourcesBuildPhase;
			buildActionMask = 2147483647;
			files = (
				0F0CEC732305437A0084161C /* HelloVC.swift in Sources */,
				0FE65D50230D958C007E3585 /* CardView.swift in Sources */,
				0F0CEC712305437A0084161C /* AppDelegate.swift in Sources */,
				0FDE18DA232679EB00ADD5AF /* Extensions.swift in Sources */,
			);
			runOnlyForDeploymentPostprocessing = 0;
		};
		737E1A502457BF89006D5087 /* Sources */ = {
			isa = PBXSourcesBuildPhase;
			buildActionMask = 2147483647;
			files = (
			);
			runOnlyForDeploymentPostprocessing = 0;
		};
/* End PBXSourcesBuildPhase section */

/* Begin PBXVariantGroup section */
		0F0CEC792305437C0084161C /* LaunchScreen.storyboard */ = {
			isa = PBXVariantGroup;
			children = (
				0F0CEC7A2305437C0084161C /* Base */,
			);
			name = LaunchScreen.storyboard;
			sourceTree = "<group>";
		};
/* End PBXVariantGroup section */

/* Begin XCBuildConfiguration section */
		0F0CEC7D2305437C0084161C /* Debug */ = {
			isa = XCBuildConfiguration;
			buildSettings = {
				ALWAYS_SEARCH_USER_PATHS = NO;
				CLANG_ANALYZER_NONNULL = YES;
				CLANG_ANALYZER_NUMBER_OBJECT_CONVERSION = YES_AGGRESSIVE;
				CLANG_CXX_LANGUAGE_STANDARD = "gnu++14";
				CLANG_CXX_LIBRARY = "libc++";
				CLANG_ENABLE_MODULES = YES;
				CLANG_ENABLE_OBJC_ARC = YES;
				CLANG_ENABLE_OBJC_WEAK = YES;
				CLANG_WARN_BLOCK_CAPTURE_AUTORELEASING = YES;
				CLANG_WARN_BOOL_CONVERSION = YES;
				CLANG_WARN_COMMA = YES;
				CLANG_WARN_CONSTANT_CONVERSION = YES;
				CLANG_WARN_DEPRECATED_OBJC_IMPLEMENTATIONS = YES;
				CLANG_WARN_DIRECT_OBJC_ISA_USAGE = YES_ERROR;
				CLANG_WARN_DOCUMENTATION_COMMENTS = YES;
				CLANG_WARN_EMPTY_BODY = YES;
				CLANG_WARN_ENUM_CONVERSION = YES;
				CLANG_WARN_INFINITE_RECURSION = YES;
				CLANG_WARN_INT_CONVERSION = YES;
				CLANG_WARN_NON_LITERAL_NULL_CONVERSION = YES;
				CLANG_WARN_OBJC_IMPLICIT_RETAIN_SELF = YES;
				CLANG_WARN_OBJC_LITERAL_CONVERSION = YES;
				CLANG_WARN_OBJC_ROOT_CLASS = YES_ERROR;
				CLANG_WARN_RANGE_LOOP_ANALYSIS = YES;
				CLANG_WARN_STRICT_PROTOTYPES = YES;
				CLANG_WARN_SUSPICIOUS_MOVE = YES;
				CLANG_WARN_UNGUARDED_AVAILABILITY = YES_AGGRESSIVE;
				CLANG_WARN_UNREACHABLE_CODE = YES;
				CLANG_WARN__DUPLICATE_METHOD_MATCH = YES;
				CODE_SIGN_IDENTITY = "iPhone Developer";
				COPY_PHASE_STRIP = NO;
				DEBUG_INFORMATION_FORMAT = dwarf;
				ENABLE_STRICT_OBJC_MSGSEND = YES;
				ENABLE_TESTABILITY = YES;
				GCC_C_LANGUAGE_STANDARD = gnu11;
				GCC_DYNAMIC_NO_PIC = NO;
				GCC_NO_COMMON_BLOCKS = YES;
				GCC_OPTIMIZATION_LEVEL = 0;
				GCC_PREPROCESSOR_DEFINITIONS = (
					"DEBUG=1",
					"$(inherited)",
				);
				GCC_WARN_64_TO_32_BIT_CONVERSION = YES;
				GCC_WARN_ABOUT_RETURN_TYPE = YES_ERROR;
				GCC_WARN_UNDECLARED_SELECTOR = YES;
				GCC_WARN_UNINITIALIZED_AUTOS = YES_AGGRESSIVE;
				GCC_WARN_UNUSED_FUNCTION = YES;
				GCC_WARN_UNUSED_VARIABLE = YES;
				IPHONEOS_DEPLOYMENT_TARGET = 12.4;
				MTL_ENABLE_DEBUG_INFO = INCLUDE_SOURCE;
				MTL_FAST_MATH = YES;
				ONLY_ACTIVE_ARCH = YES;
				SDKROOT = iphoneos;
				SWIFT_ACTIVE_COMPILATION_CONDITIONS = DEBUG;
				SWIFT_OPTIMIZATION_LEVEL = "-Onone";
			};
			name = Debug;
		};
		0F0CEC7E2305437C0084161C /* Release */ = {
			isa = XCBuildConfiguration;
			buildSettings = {
				ALWAYS_SEARCH_USER_PATHS = NO;
				CLANG_ANALYZER_NONNULL = YES;
				CLANG_ANALYZER_NUMBER_OBJECT_CONVERSION = YES_AGGRESSIVE;
				CLANG_CXX_LANGUAGE_STANDARD = "gnu++14";
				CLANG_CXX_LIBRARY = "libc++";
				CLANG_ENABLE_MODULES = YES;
				CLANG_ENABLE_OBJC_ARC = YES;
				CLANG_ENABLE_OBJC_WEAK = YES;
				CLANG_WARN_BLOCK_CAPTURE_AUTORELEASING = YES;
				CLANG_WARN_BOOL_CONVERSION = YES;
				CLANG_WARN_COMMA = YES;
				CLANG_WARN_CONSTANT_CONVERSION = YES;
				CLANG_WARN_DEPRECATED_OBJC_IMPLEMENTATIONS = YES;
				CLANG_WARN_DIRECT_OBJC_ISA_USAGE = YES_ERROR;
				CLANG_WARN_DOCUMENTATION_COMMENTS = YES;
				CLANG_WARN_EMPTY_BODY = YES;
				CLANG_WARN_ENUM_CONVERSION = YES;
				CLANG_WARN_INFINITE_RECURSION = YES;
				CLANG_WARN_INT_CONVERSION = YES;
				CLANG_WARN_NON_LITERAL_NULL_CONVERSION = YES;
				CLANG_WARN_OBJC_IMPLICIT_RETAIN_SELF = YES;
				CLANG_WARN_OBJC_LITERAL_CONVERSION = YES;
				CLANG_WARN_OBJC_ROOT_CLASS = YES_ERROR;
				CLANG_WARN_RANGE_LOOP_ANALYSIS = YES;
				CLANG_WARN_STRICT_PROTOTYPES = YES;
				CLANG_WARN_SUSPICIOUS_MOVE = YES;
				CLANG_WARN_UNGUARDED_AVAILABILITY = YES_AGGRESSIVE;
				CLANG_WARN_UNREACHABLE_CODE = YES;
				CLANG_WARN__DUPLICATE_METHOD_MATCH = YES;
				CODE_SIGN_IDENTITY = "iPhone Developer";
				COPY_PHASE_STRIP = NO;
				DEBUG_INFORMATION_FORMAT = "dwarf-with-dsym";
				ENABLE_NS_ASSERTIONS = NO;
				ENABLE_STRICT_OBJC_MSGSEND = YES;
				GCC_C_LANGUAGE_STANDARD = gnu11;
				GCC_NO_COMMON_BLOCKS = YES;
				GCC_WARN_64_TO_32_BIT_CONVERSION = YES;
				GCC_WARN_ABOUT_RETURN_TYPE = YES_ERROR;
				GCC_WARN_UNDECLARED_SELECTOR = YES;
				GCC_WARN_UNINITIALIZED_AUTOS = YES_AGGRESSIVE;
				GCC_WARN_UNUSED_FUNCTION = YES;
				GCC_WARN_UNUSED_VARIABLE = YES;
				IPHONEOS_DEPLOYMENT_TARGET = 12.4;
				MTL_ENABLE_DEBUG_INFO = NO;
				MTL_FAST_MATH = YES;
				SDKROOT = iphoneos;
				SWIFT_COMPILATION_MODE = wholemodule;
				SWIFT_OPTIMIZATION_LEVEL = "-O";
				VALIDATE_PRODUCT = YES;
			};
			name = Release;
		};
		0F0CEC802305437C0084161C /* Debug */ = {
			isa = XCBuildConfiguration;
			baseConfigurationReference = 437C9F6E2BA611CA80277878 /* Pods-HelloSDK.debug.xcconfig */;
			buildSettings = {
				ASSETCATALOG_COMPILER_APPICON_NAME = AppIcon;
				CODE_SIGN_IDENTITY = "Apple Development";
				CODE_SIGN_STYLE = Automatic;
				DEVELOPMENT_TEAM = T8VV4TJVDE;
				INFOPLIST_FILE = HelloSDK/Info.plist;
				IPHONEOS_DEPLOYMENT_TARGET = 9.0;
				LD_RUNPATH_SEARCH_PATHS = (
					"$(inherited)",
					"@executable_path/Frameworks",
				);
				PRODUCT_BUNDLE_IDENTIFIER = ru.doublegis.hellosdk.ci;
				PRODUCT_NAME = "$(TARGET_NAME)";
				PROVISIONING_PROFILE_SPECIFIER = "";
				SWIFT_VERSION = 5.0;
				TARGETED_DEVICE_FAMILY = "1,2";
			};
			name = Debug;
		};
		0F0CEC812305437C0084161C /* Release */ = {
			isa = XCBuildConfiguration;
			baseConfigurationReference = B43DFA8977133CDF104A001B /* Pods-HelloSDK.release.xcconfig */;
			buildSettings = {
				ASSETCATALOG_COMPILER_APPICON_NAME = AppIcon;
				CODE_SIGN_IDENTITY = "Apple Development";
				CODE_SIGN_STYLE = Automatic;
				DEVELOPMENT_TEAM = T8VV4TJVDE;
				INFOPLIST_FILE = HelloSDK/Info.plist;
				IPHONEOS_DEPLOYMENT_TARGET = 9.0;
				LD_RUNPATH_SEARCH_PATHS = (
					"$(inherited)",
					"@executable_path/Frameworks",
				);
				PRODUCT_BUNDLE_IDENTIFIER = ru.doublegis.hellosdk.ci;
				PRODUCT_NAME = "$(TARGET_NAME)";
				PROVISIONING_PROFILE_SPECIFIER = "";
				SWIFT_VERSION = 5.0;
				TARGETED_DEVICE_FAMILY = "1,2";
			};
			name = Release;
		};
		737E1A5B2457BF89006D5087 /* Debug */ = {
			isa = XCBuildConfiguration;
			baseConfigurationReference = 276AEDAF5EC433ED25BC7895 /* Pods-HelloSDK-HelloSDKTests.debug.xcconfig */;
			buildSettings = {
				BUNDLE_LOADER = "$(TEST_HOST)";
				CODE_SIGN_STYLE = Automatic;
				GCC_TREAT_WARNINGS_AS_ERRORS = YES;
				INFOPLIST_FILE = HelloSDKTests/Info.plist;
				IPHONEOS_DEPLOYMENT_TARGET = 13.2;
				LD_RUNPATH_SEARCH_PATHS = (
					"$(inherited)",
					"@executable_path/Frameworks",
					"@loader_path/Frameworks",
				);
				PRODUCT_BUNDLE_IDENTIFIER = teanet.HelloSDKTests;
				PRODUCT_NAME = "$(TARGET_NAME)";
				SWIFT_VERSION = 5.0;
				TARGETED_DEVICE_FAMILY = "1,2";
				TEST_HOST = "$(BUILT_PRODUCTS_DIR)/HelloSDK.app/HelloSDK";
			};
			name = Debug;
		};
		737E1A5C2457BF89006D5087 /* Release */ = {
			isa = XCBuildConfiguration;
			baseConfigurationReference = 7813E63B01671344A2702392 /* Pods-HelloSDK-HelloSDKTests.release.xcconfig */;
			buildSettings = {
				BUNDLE_LOADER = "$(TEST_HOST)";
				CODE_SIGN_STYLE = Automatic;
				GCC_TREAT_WARNINGS_AS_ERRORS = YES;
				INFOPLIST_FILE = HelloSDKTests/Info.plist;
				IPHONEOS_DEPLOYMENT_TARGET = 13.2;
				LD_RUNPATH_SEARCH_PATHS = (
					"$(inherited)",
					"@executable_path/Frameworks",
					"@loader_path/Frameworks",
				);
				PRODUCT_BUNDLE_IDENTIFIER = teanet.HelloSDKTests;
				PRODUCT_NAME = "$(TARGET_NAME)";
				SWIFT_VERSION = 5.0;
				TARGETED_DEVICE_FAMILY = "1,2";
				TEST_HOST = "$(BUILT_PRODUCTS_DIR)/HelloSDK.app/HelloSDK";
			};
			name = Release;
		};
/* End XCBuildConfiguration section */

/* Begin XCConfigurationList section */
		0F0CEC682305437A0084161C /* Build configuration list for PBXProject "HelloSDK" */ = {
			isa = XCConfigurationList;
			buildConfigurations = (
				0F0CEC7D2305437C0084161C /* Debug */,
				0F0CEC7E2305437C0084161C /* Release */,
			);
			defaultConfigurationIsVisible = 0;
			defaultConfigurationName = Release;
		};
		0F0CEC7F2305437C0084161C /* Build configuration list for PBXNativeTarget "HelloSDK" */ = {
			isa = XCConfigurationList;
			buildConfigurations = (
				0F0CEC802305437C0084161C /* Debug */,
				0F0CEC812305437C0084161C /* Release */,
			);
			defaultConfigurationIsVisible = 0;
			defaultConfigurationName = Release;
		};
		737E1A5D2457BF89006D5087 /* Build configuration list for PBXNativeTarget "HelloSDKTests" */ = {
			isa = XCConfigurationList;
			buildConfigurations = (
				737E1A5B2457BF89006D5087 /* Debug */,
				737E1A5C2457BF89006D5087 /* Release */,
			);
			defaultConfigurationIsVisible = 0;
			defaultConfigurationName = Release;
		};
/* End XCConfigurationList section */
	};
	rootObject = 0F0CEC652305437A0084161C /* Project object */;
}
